
Microsoft Visual Studio Solution File, Format Version 12.00
# Visual Studio 15
VisualStudioVersion = 15.0.27703.2035
MinimumVisualStudioVersion = 10.0.40219.1
Project("{9A19103F-16F7-4668-BE54-9A1E7A4F7556}") = "Itix.Loteria.UI", "Itix.Loteria.UI\Itix.Loteria.UI.csproj", "{29589989-FF57-48CE-840C-7623C0163786}"
EndProject
Project("{9A19103F-16F7-4668-BE54-9A1E7A4F7556}") = "Itix.Loteria.Core", "Itix.Loteria.Core\Itix.Loteria.Core.csproj", "{D20CA168-D6A7-491B-A9CF-3468BBE4B4A6}"
EndProject
Project("{9A19103F-16F7-4668-BE54-9A1E7A4F7556}") = "Itix.Loteria.Tests", "Itix.Loteria.Tests\Itix.Loteria.Tests.csproj", "{C7B29403-1A2E-4755-B9E1-A57823F8777E}"
EndProject
Global
	GlobalSection(SolutionConfigurationPlatforms) = preSolution
		Debug|Any CPU = Debug|Any CPU
		Release|Any CPU = Release|Any CPU
	EndGlobalSection
	GlobalSection(ProjectConfigurationPlatforms) = postSolution
		{29589989-FF57-48CE-840C-7623C0163786}.Debug|Any CPU.ActiveCfg = Debug|Any CPU
		{29589989-FF57-48CE-840C-7623C0163786}.Debug|Any CPU.Build.0 = Debug|Any CPU
		{29589989-FF57-48CE-840C-7623C0163786}.Release|Any CPU.ActiveCfg = Release|Any CPU
		{29589989-FF57-48CE-840C-7623C0163786}.Release|Any CPU.Build.0 = Release|Any CPU
		{D20CA168-D6A7-491B-A9CF-3468BBE4B4A6}.Debug|Any CPU.ActiveCfg = Debug|Any CPU
		{D20CA168-D6A7-491B-A9CF-3468BBE4B4A6}.Debug|Any CPU.Build.0 = Debug|Any CPU
		{D20CA168-D6A7-491B-A9CF-3468BBE4B4A6}.Release|Any CPU.ActiveCfg = Release|Any CPU
		{D20CA168-D6A7-491B-A9CF-3468BBE4B4A6}.Release|Any CPU.Build.0 = Release|Any CPU
		{C7B29403-1A2E-4755-B9E1-A57823F8777E}.Debug|Any CPU.ActiveCfg = Debug|Any CPU
		{C7B29403-1A2E-4755-B9E1-A57823F8777E}.Debug|Any CPU.Build.0 = Debug|Any CPU
		{C7B29403-1A2E-4755-B9E1-A57823F8777E}.Release|Any CPU.ActiveCfg = Release|Any CPU
		{C7B29403-1A2E-4755-B9E1-A57823F8777E}.Release|Any CPU.Build.0 = Release|Any CPU
	EndGlobalSection
	GlobalSection(SolutionProperties) = preSolution
		HideSolutionNode = FALSE
	EndGlobalSection
	GlobalSection(ExtensibilityGlobals) = postSolution
		SolutionGuid = {CCC82D3F-EBBD-4773-8FEE-7F4495266E24}
	EndGlobalSection
EndGlobal
